
Microsoft Visual Studio Solution File, Format Version 12.00
# Visual Studio 2013
VisualStudioVersion = 12.0.30110.0
MinimumVisualStudioVersion = 10.0.40219.1
Project("{FAE04EC0-301F-11D3-BF4B-00C04F79EFBC}") = "passel", "passel.csproj", "{76980A74-E105-48B3-9F06-008AF6162711}"
EndProject
Project("{2150E333-8FDC-42A3-9474-1A3956D46DE8}") = "Solution Items", "Solution Items", "{42ADE01E-71CD-45A9-909D-0219587FE14E}"
EndProject
Global
	GlobalSection(SolutionConfigurationPlatforms) = preSolution
		bin-mono|Any CPU = bin-mono|Any CPU
		bin-mono|Mixed Platforms = bin-mono|Mixed Platforms
		bin-mono|Win32 = bin-mono|Win32
		bin-mono|x64 = bin-mono|x64
		bin-mono|x86 = bin-mono|x86
		bin-mono-z3|Any CPU = bin-mono-z3|Any CPU
		bin-mono-z3|Mixed Platforms = bin-mono-z3|Mixed Platforms
		bin-mono-z3|Win32 = bin-mono-z3|Win32
		bin-mono-z3|x64 = bin-mono-z3|x64
		bin-mono-z3|x86 = bin-mono-z3|x86
		bin-mono-z3-unstable|Any CPU = bin-mono-z3-unstable|Any CPU
		bin-mono-z3-unstable|Mixed Platforms = bin-mono-z3-unstable|Mixed Platforms
		bin-mono-z3-unstable|Win32 = bin-mono-z3-unstable|Win32
		bin-mono-z3-unstable|x64 = bin-mono-z3-unstable|x64
		bin-mono-z3-unstable|x86 = bin-mono-z3-unstable|x86
		bin-win|Any CPU = bin-win|Any CPU
		bin-win|Mixed Platforms = bin-win|Mixed Platforms
		bin-win|Win32 = bin-win|Win32
		bin-win|x64 = bin-win|x64
		bin-win|x86 = bin-win|x86
		bin-win-z3|Any CPU = bin-win-z3|Any CPU
		bin-win-z3|Mixed Platforms = bin-win-z3|Mixed Platforms
		bin-win-z3|Win32 = bin-win-z3|Win32
		bin-win-z3|x64 = bin-win-z3|x64
		bin-win-z3|x86 = bin-win-z3|x86
		bin-win-z3-unstable|Any CPU = bin-win-z3-unstable|Any CPU
		bin-win-z3-unstable|Mixed Platforms = bin-win-z3-unstable|Mixed Platforms
		bin-win-z3-unstable|Win32 = bin-win-z3-unstable|Win32
		bin-win-z3-unstable|x64 = bin-win-z3-unstable|x64
		bin-win-z3-unstable|x86 = bin-win-z3-unstable|x86
		Debug|Any CPU = Debug|Any CPU
		Debug|Mixed Platforms = Debug|Mixed Platforms
		Debug|Win32 = Debug|Win32
		Debug|x64 = Debug|x64
		Debug|x86 = Debug|x86
		Release|Any CPU = Release|Any CPU
		Release|Mixed Platforms = Release|Mixed Platforms
		Release|Win32 = Release|Win32
		Release|x64 = Release|x64
		Release|x86 = Release|x86
	EndGlobalSection
	GlobalSection(ProjectConfigurationPlatforms) = postSolution
		{76980A74-E105-48B3-9F06-008AF6162711}.bin-mono|Any CPU.ActiveCfg = bin-mono|x86
		{76980A74-E105-48B3-9F06-008AF6162711}.bin-mono|Mixed Platforms.ActiveCfg = bin-mono|x86
		{76980A74-E105-48B3-9F06-008AF6162711}.bin-mono|Mixed Platforms.Build.0 = bin-mono|x86
		{76980A74-E105-48B3-9F06-008AF6162711}.bin-mono|Win32.ActiveCfg = bin-mono|x86
		{76980A74-E105-48B3-9F06-008AF6162711}.bin-mono|Win32.Build.0 = bin-mono|x86
		{76980A74-E105-48B3-9F06-008AF6162711}.bin-mono|x64.ActiveCfg = bin-mono|x86
		{76980A74-E105-48B3-9F06-008AF6162711}.bin-mono|x86.ActiveCfg = bin-mono|x86
		{76980A74-E105-48B3-9F06-008AF6162711}.bin-mono|x86.Build.0 = bin-mono|x86
		{76980A74-E105-48B3-9F06-008AF6162711}.bin-mono-z3|Any CPU.ActiveCfg = bin-mono-z3|x86
		{76980A74-E105-48B3-9F06-008AF6162711}.bin-mono-z3|Mixed Platforms.ActiveCfg = bin-mono-z3|x86
		{76980A74-E105-48B3-9F06-008AF6162711}.bin-mono-z3|Mixed Platforms.Build.0 = bin-mono-z3|x86
		{76980A74-E105-48B3-9F06-008AF6162711}.bin-mono-z3|Win32.ActiveCfg = bin-mono-z3|x86
		{76980A74-E105-48B3-9F06-008AF6162711}.bin-mono-z3|Win32.Build.0 = bin-mono-z3|x86
		{76980A74-E105-48B3-9F06-008AF6162711}.bin-mono-z3|x64.ActiveCfg = bin-mono-z3|x86
		{76980A74-E105-48B3-9F06-008AF6162711}.bin-mono-z3|x86.ActiveCfg = bin-mono-z3|x86
		{76980A74-E105-48B3-9F06-008AF6162711}.bin-mono-z3|x86.Build.0 = bin-mono-z3|x86
		{76980A74-E105-48B3-9F06-008AF6162711}.bin-mono-z3-unstable|Any CPU.ActiveCfg = bin-mono-z3-unstable|x86
		{76980A74-E105-48B3-9F06-008AF6162711}.bin-mono-z3-unstable|Mixed Platforms.ActiveCfg = bin-mono-z3-unstable|x86
		{76980A74-E105-48B3-9F06-008AF6162711}.bin-mono-z3-unstable|Mixed Platforms.Build.0 = bin-mono-z3-unstable|x86
		{76980A74-E105-48B3-9F06-008AF6162711}.bin-mono-z3-unstable|Win32.ActiveCfg = bin-mono-z3-unstable|x86
		{76980A74-E105-48B3-9F06-008AF6162711}.bin-mono-z3-unstable|Win32.Build.0 = bin-mono-z3-unstable|x86
		{76980A74-E105-48B3-9F06-008AF6162711}.bin-mono-z3-unstable|x64.ActiveCfg = bin-mono-z3-unstable|x86
		{76980A74-E105-48B3-9F06-008AF6162711}.bin-mono-z3-unstable|x86.ActiveCfg = bin-mono-z3-unstable|x86
		{76980A74-E105-48B3-9F06-008AF6162711}.bin-mono-z3-unstable|x86.Build.0 = bin-mono-z3-unstable|x86
		{76980A74-E105-48B3-9F06-008AF6162711}.bin-win|Any CPU.ActiveCfg = bin-win|x86
		{76980A74-E105-48B3-9F06-008AF6162711}.bin-win|Mixed Platforms.ActiveCfg = bin-win|x86
		{76980A74-E105-48B3-9F06-008AF6162711}.bin-win|Mixed Platforms.Build.0 = bin-win|x86
		{76980A74-E105-48B3-9F06-008AF6162711}.bin-win|Win32.ActiveCfg = bin-win|x86
		{76980A74-E105-48B3-9F06-008AF6162711}.bin-win|Win32.Build.0 = bin-win|x86
		{76980A74-E105-48B3-9F06-008AF6162711}.bin-win|x64.ActiveCfg = bin-win|x86
		{76980A74-E105-48B3-9F06-008AF6162711}.bin-win|x86.ActiveCfg = bin-win|x86
		{76980A74-E105-48B3-9F06-008AF6162711}.bin-win|x86.Build.0 = bin-win|x86
		{76980A74-E105-48B3-9F06-008AF6162711}.bin-win-z3|Any CPU.ActiveCfg = bin-win-z3|x86
		{76980A74-E105-48B3-9F06-008AF6162711}.bin-win-z3|Mixed Platforms.ActiveCfg = bin-win-z3|x86
		{76980A74-E105-48B3-9F06-008AF6162711}.bin-win-z3|Mixed Platforms.Build.0 = bin-win-z3|x86
		{76980A74-E105-48B3-9F06-008AF6162711}.bin-win-z3|Win32.ActiveCfg = bin-win-z3|x86
		{76980A74-E105-48B3-9F06-008AF6162711}.bin-win-z3|Win32.Build.0 = bin-win-z3|x86
		{76980A74-E105-48B3-9F06-008AF6162711}.bin-win-z3|x64.ActiveCfg = bin-win-z3|x86
		{76980A74-E105-48B3-9F06-008AF6162711}.bin-win-z3|x86.ActiveCfg = bin-win-z3|x86
		{76980A74-E105-48B3-9F06-008AF6162711}.bin-win-z3|x86.Build.0 = bin-win-z3|x86
		{76980A74-E105-48B3-9F06-008AF6162711}.bin-win-z3-unstable|Any CPU.ActiveCfg = bin-win-z3-unstable|x86
		{76980A74-E105-48B3-9F06-008AF6162711}.bin-win-z3-unstable|Mixed Platforms.ActiveCfg = bin-win-z3-unstable|x86
		{76980A74-E105-48B3-9F06-008AF6162711}.bin-win-z3-unstable|Mixed Platforms.Build.0 = bin-win-z3-unstable|x86
		{76980A74-E105-48B3-9F06-008AF6162711}.bin-win-z3-unstable|Win32.ActiveCfg = bin-win-z3-unstable|x86
		{76980A74-E105-48B3-9F06-008AF6162711}.bin-win-z3-unstable|Win32.Build.0 = bin-win-z3-unstable|x86
		{76980A74-E105-48B3-9F06-008AF6162711}.bin-win-z3-unstable|x64.ActiveCfg = bin-win-z3-unstable|x86
		{76980A74-E105-48B3-9F06-008AF6162711}.bin-win-z3-unstable|x86.ActiveCfg = bin-win-z3-unstable|x86
		{76980A74-E105-48B3-9F06-008AF6162711}.bin-win-z3-unstable|x86.Build.0 = bin-win-z3-unstable|x86
		{76980A74-E105-48B3-9F06-008AF6162711}.Debug|Any CPU.ActiveCfg = Release|x86
		{76980A74-E105-48B3-9F06-008AF6162711}.Debug|Mixed Platforms.ActiveCfg = Release|x86
		{76980A74-E105-48B3-9F06-008AF6162711}.Debug|Mixed Platforms.Build.0 = Release|x86
		{76980A74-E105-48B3-9F06-008AF6162711}.Debug|Win32.ActiveCfg = Release|x86
		{76980A74-E105-48B3-9F06-008AF6162711}.Debug|Win32.Build.0 = Release|x86
		{76980A74-E105-48B3-9F06-008AF6162711}.Debug|x64.ActiveCfg = Release|x86
		{76980A74-E105-48B3-9F06-008AF6162711}.Debug|x86.ActiveCfg = Release|x86
		{76980A74-E105-48B3-9F06-008AF6162711}.Debug|x86.Build.0 = Release|x86
		{76980A74-E105-48B3-9F06-008AF6162711}.Release|Any CPU.ActiveCfg = Release|x86
		{76980A74-E105-48B3-9F06-008AF6162711}.Release|Mixed Platforms.ActiveCfg = Release|x86
		{76980A74-E105-48B3-9F06-008AF6162711}.Release|Mixed Platforms.Build.0 = Release|x86
		{76980A74-E105-48B3-9F06-008AF6162711}.Release|Win32.ActiveCfg = Release|x86
		{76980A74-E105-48B3-9F06-008AF6162711}.Release|x64.ActiveCfg = Release|x86
		{76980A74-E105-48B3-9F06-008AF6162711}.Release|x86.ActiveCfg = Release|x86
		{76980A74-E105-48B3-9F06-008AF6162711}.Release|x86.Build.0 = Release|x86
	EndGlobalSection
	GlobalSection(SolutionProperties) = preSolution
		HideSolutionNode = FALSE
	EndGlobalSection
EndGlobal
